
Microsoft Visual Studio Solution File, Format Version 12.00
# Visual Studio 15
VisualStudioVersion = 15.0.26228.12
MinimumVisualStudioVersion = 10.0.40219.1
Project("{FAE04EC0-301F-11D3-BF4B-00C04F79EFBC}") = "Chino", "Chino\Chino.csproj", "{6F12F536-8736-4AFC-9E8B-05862D6BFE4F}"
EndProject
Project("{2150E333-8FDC-42A3-9474-1A3956D46DE8}") = "Solution Items", "Solution Items", "{AE96F3E7-2240-4DFD-A03C-AE11B0639893}"
	ProjectSection(SolutionItems) = preProject
		LICENSE.txt = LICENSE.txt
		README.md = README.md
	EndProjectSection
EndProject
Global
	GlobalSection(SolutionConfigurationPlatforms) = preSolution
		Debug|Any CPU = Debug|Any CPU
		Release|Any CPU = Release|Any CPU
	EndGlobalSection
	GlobalSection(ProjectConfigurationPlatforms) = postSolution
		{6F12F536-8736-4AFC-9E8B-05862D6BFE4F}.Debug|Any CPU.ActiveCfg = Debug|Any CPU
		{6F12F536-8736-4AFC-9E8B-05862D6BFE4F}.Debug|Any CPU.Build.0 = Debug|Any CPU
		{6F12F536-8736-4AFC-9E8B-05862D6BFE4F}.Release|Any CPU.ActiveCfg = Release|Any CPU
		{6F12F536-8736-4AFC-9E8B-05862D6BFE4F}.Release|Any CPU.Build.0 = Release|Any CPU
	EndGlobalSection
	GlobalSection(SolutionProperties) = preSolution
		HideSolutionNode = FALSE
	EndGlobalSection
EndGlobal
